
Microsoft Visual Studio Solution File, Format Version 12.00
# Visual Studio Version 17
VisualStudioVersion = 17.8.34330.188
MinimumVisualStudioVersion = 10.0.40219.1
Project("{FAE04EC0-301F-11D3-BF4B-00C04F79EFBC}") = "Presentation", "Presentation\Presentation.csproj", "{0E981D8D-7FFE-44BD-B256-7B38CF561F07}"
EndProject
Project("{FAE04EC0-301F-11D3-BF4B-00C04F79EFBC}") = "Infrastructure", "Infrastructure\Infrastructure.csproj", "{336607D5-97C6-4E85-94DB-0BB2679F85A5}"
EndProject
Project("{FAE04EC0-301F-11D3-BF4B-00C04F79EFBC}") = "Domain", "Domain\Domain.csproj", "{52271EBC-4496-4771-AF0B-4AE4B3DC99E7}"
EndProject
Project("{FAE04EC0-301F-11D3-BF4B-00C04F79EFBC}") = "Application", "Application\Application.csproj", "{63504DB6-DE08-47FF-BDC2-AC3639A9483D}"
EndProject
Global
	GlobalSection(SolutionConfigurationPlatforms) = preSolution
		Debug|Any CPU = Debug|Any CPU
		Release|Any CPU = Release|Any CPU
	EndGlobalSection
	GlobalSection(ProjectConfigurationPlatforms) = postSolution
		{0E981D8D-7FFE-44BD-B256-7B38CF561F07}.Debug|Any CPU.ActiveCfg = Debug|Any CPU
		{0E981D8D-7FFE-44BD-B256-7B38CF561F07}.Debug|Any CPU.Build.0 = Debug|Any CPU
		{0E981D8D-7FFE-44BD-B256-7B38CF561F07}.Release|Any CPU.ActiveCfg = Release|Any CPU
		{0E981D8D-7FFE-44BD-B256-7B38CF561F07}.Release|Any CPU.Build.0 = Release|Any CPU
		{336607D5-97C6-4E85-94DB-0BB2679F85A5}.Debug|Any CPU.ActiveCfg = Debug|Any CPU
		{336607D5-97C6-4E85-94DB-0BB2679F85A5}.Debug|Any CPU.Build.0 = Debug|Any CPU
		{336607D5-97C6-4E85-94DB-0BB2679F85A5}.Release|Any CPU.ActiveCfg = Release|Any CPU
		{336607D5-97C6-4E85-94DB-0BB2679F85A5}.Release|Any CPU.Build.0 = Release|Any CPU
		{52271EBC-4496-4771-AF0B-4AE4B3DC99E7}.Debug|Any CPU.ActiveCfg = Debug|Any CPU
		{52271EBC-4496-4771-AF0B-4AE4B3DC99E7}.Debug|Any CPU.Build.0 = Debug|Any CPU
		{52271EBC-4496-4771-AF0B-4AE4B3DC99E7}.Release|Any CPU.ActiveCfg = Release|Any CPU
		{52271EBC-4496-4771-AF0B-4AE4B3DC99E7}.Release|Any CPU.Build.0 = Release|Any CPU
		{63504DB6-DE08-47FF-BDC2-AC3639A9483D}.Debug|Any CPU.ActiveCfg = Debug|Any CPU
		{63504DB6-DE08-47FF-BDC2-AC3639A9483D}.Debug|Any CPU.Build.0 = Debug|Any CPU
		{63504DB6-DE08-47FF-BDC2-AC3639A9483D}.Release|Any CPU.ActiveCfg = Release|Any CPU
		{63504DB6-DE08-47FF-BDC2-AC3639A9483D}.Release|Any CPU.Build.0 = Release|Any CPU
	EndGlobalSection
	GlobalSection(SolutionProperties) = preSolution
		HideSolutionNode = FALSE
	EndGlobalSection
	GlobalSection(ExtensibilityGlobals) = postSolution
		SolutionGuid = {DE97B3E9-73BF-44DB-8306-A6EE03CC9BA7}
	EndGlobalSection
EndGlobal
